# Code generated by scarb DO NOT EDIT.
version = 1

[[package]]
name = "dojo"
version = "1.6.1"
source = "git+https://github.com/dojoengine/dojo?tag=v1.6.1#a4f9445cf925e999d97038f596806ec307981a9b"
dependencies = [
 "dojo_plugin",
]

[[package]]
name = "dojo_cairo_test"
version = "1.6.1"
source = "git+https://github.com/dojoengine/dojo?tag=v1.6.1#a4f9445cf925e999d97038f596806ec307981a9b"
dependencies = [
 "dojo",
]

[[package]]
name = "dojo_plugin"
version = "2.10.1"
source = "git+https://github.com/dojoengine/dojo?tag=v1.6.1#a4f9445cf925e999d97038f596806ec307981a9b"

[[package]]
name = "dosis_game"
version = "0.1.0"
dependencies = [
 "dojo",
 "dojo_cairo_test",
]
