# Code generated by scarb DO NOT EDIT.
version = 1

[[package]]
name = "dosis_nft"
version = "1.0.0"
dependencies = [
 "graffiti",
 "openzeppelin_introspection",
 "openzeppelin_token",
 "snforge_std",
]

[[package]]
name = "graffiti"
version = "0.1.0"
source = "git+https://github.com/rsodre/graffiti?rev=url#e8b0854798ebbcebde504ea299ed556900564ff2"

[[package]]
name = "openzeppelin_access"
version = "1.0.0"
source = "git+https://github.com/OpenZeppelin/cairo-contracts?tag=v1.0.0#755ce1adbf8d89ed23fbb8daa328fcbeab7c6424"
dependencies = [
 "openzeppelin_introspection",
 "openzeppelin_utils",
]

[[package]]
name = "openzeppelin_account"
version = "1.0.0"
source = "git+https://github.com/OpenZeppelin/cairo-contracts?tag=v1.0.0#755ce1adbf8d89ed23fbb8daa328fcbeab7c6424"
dependencies = [
 "openzeppelin_introspection",
 "openzeppelin_utils",
]

[[package]]
name = "openzeppelin_introspection"
version = "1.0.0"
source = "git+https://github.com/OpenZeppelin/cairo-contracts?tag=v1.0.0#755ce1adbf8d89ed23fbb8daa328fcbeab7c6424"

[[package]]
name = "openzeppelin_token"
version = "1.0.0"
source = "git+https://github.com/OpenZeppelin/cairo-contracts?tag=v1.0.0#755ce1adbf8d89ed23fbb8daa328fcbeab7c6424"
dependencies = [
 "openzeppelin_access",
 "openzeppelin_account",
 "openzeppelin_introspection",
 "openzeppelin_utils",
]

[[package]]
name = "openzeppelin_utils"
version = "1.0.0"
source = "git+https://github.com/OpenZeppelin/cairo-contracts?tag=v1.0.0#755ce1adbf8d89ed23fbb8daa328fcbeab7c6424"

[[package]]
name = "snforge_scarb_plugin"
version = "0.39.0"
source = "git+https://github.com/foundry-rs/starknet-foundry?tag=v0.39.0#13ee73d44807f57b7e2c64be766161f48ca04c27"

[[package]]
name = "snforge_std"
version = "0.39.0"
source = "git+https://github.com/foundry-rs/starknet-foundry?tag=v0.39.0#13ee73d44807f57b7e2c64be766161f48ca04c27"
dependencies = [
 "snforge_scarb_plugin",
]
